// !$*UTF8*$!
{
	archiveVersion = 1;
	classes = {
	};
	objectVersion = 56;
	objects = {

/* Begin PBXBuildFile section */
		975DBC7F2976F56E000B775D /* Country_Flag_GameApp.swift in Sources */ = {isa = PBXBuildFile; fileRef = 975DBC7E2976F56E000B775D /* Country_Flag_GameApp.swift */; };
		975DBC812976F56E000B775D /* ContentView.swift in Sources */ = {isa = PBXBuildFile; fileRef = 975DBC802976F56E000B775D /* ContentView.swift */; };
		975DBC832976F56F000B775D /* Assets.xcassets in Resources */ = {isa = PBXBuildFile; fileRef = 975DBC822976F56F000B775D /* Assets.xcassets */; };
		975DBC862976F56F000B775D /* Preview Assets.xcassets in Resources */ = {isa = PBXBuildFile; fileRef = 975DBC852976F56F000B775D /* Preview Assets.xcassets */; };
		975DBC902976F570000B775D /* Country_Flag_GameTests.swift in Sources */ = {isa = PBXBuildFile; fileRef = 975DBC8F2976F570000B775D /* Country_Flag_GameTests.swift */; };
		975DBC9A2976F570000B775D /* Country_Flag_GameUITests.swift in Sources */ = {isa = PBXBuildFile; fileRef = 975DBC992976F570000B775D /* Country_Flag_GameUITests.swift */; };
		975DBC9C2976F570000B775D /* Country_Flag_GameUITestsLaunchTests.swift in Sources */ = {isa = PBXBuildFile; fileRef = 975DBC9B2976F570000B775D /* Country_Flag_GameUITestsLaunchTests.swift */; };
		97998CAD297EE6A9009435C4 /* Question.swift in Sources */ = {isa = PBXBuildFile; fileRef = 97998CAC297EE6A9009435C4 /* Question.swift */; };
		97998CAF298C133D009435C4 /* CustomButton.swift in Sources */ = {isa = PBXBuildFile; fileRef = 97998CAE298C133D009435C4 /* CustomButton.swift */; };
		97998CB1298C14A1009435C4 /* ProgressBar.swift in Sources */ = {isa = PBXBuildFile; fileRef = 97998CB0298C14A1009435C4 /* ProgressBar.swift */; };
		97998CB3298C162F009435C4 /* AnswerRow.swift in Sources */ = {isa = PBXBuildFile; fileRef = 97998CB2298C162F009435C4 /* AnswerRow.swift */; };
		97E7BE0D299D31FC004795A0 /* QuestionView.swift in Sources */ = {isa = PBXBuildFile; fileRef = 97E7BE0C299D31FC004795A0 /* QuestionView.swift */; };
		97E7BE0F299D34F7004795A0 /* Data.swift in Sources */ = {isa = PBXBuildFile; fileRef = 97E7BE0E299D34F7004795A0 /* Data.swift */; };
/* End PBXBuildFile section */

/* Begin PBXContainerItemProxy section */
		975DBC8C2976F570000B775D /* PBXContainerItemProxy */ = {
			isa = PBXContainerItemProxy;
			containerPortal = 975DBC732976F56E000B775D /* Project object */;
			proxyType = 1;
			remoteGlobalIDString = 975DBC7A2976F56E000B775D;
			remoteInfo = "Country Flag Game";
		};
		975DBC962976F570000B775D /* PBXContainerItemProxy */ = {
			isa = PBXContainerItemProxy;
			containerPortal = 975DBC732976F56E000B775D /* Project object */;
			proxyType = 1;
			remoteGlobalIDString = 975DBC7A2976F56E000B775D;
			remoteInfo = "Country Flag Game";
		};
/* End PBXContainerItemProxy section */

/* Begin PBXFileReference section */
		975DBC7B2976F56E000B775D /* Country Flag Game.app */ = {isa = PBXFileReference; explicitFileType = wrapper.application; includeInIndex = 0; path = "Country Flag Game.app"; sourceTree = BUILT_PRODUCTS_DIR; };
		975DBC7E2976F56E000B775D /* Country_Flag_GameApp.swift */ = {isa = PBXFileReference; lastKnownFileType = sourcecode.swift; path = Country_Flag_GameApp.swift; sourceTree = "<group>"; };
		975DBC802976F56E000B775D /* ContentView.swift */ = {isa = PBXFileReference; lastKnownFileType = sourcecode.swift; path = ContentView.swift; sourceTree = "<group>"; };
		975DBC822976F56F000B775D /* Assets.xcassets */ = {isa = PBXFileReference; lastKnownFileType = folder.assetcatalog; path = Assets.xcassets; sourceTree = "<group>"; };
		975DBC852976F56F000B775D /* Preview Assets.xcassets */ = {isa = PBXFileReference; lastKnownFileType = folder.assetcatalog; path = "Preview Assets.xcassets"; sourceTree = "<group>"; };
		975DBC8B2976F570000B775D /* Country Flag GameTests.xctest */ = {isa = PBXFileReference; explicitFileType = wrapper.cfbundle; includeInIndex = 0; path = "Country Flag GameTests.xctest"; sourceTree = BUILT_PRODUCTS_DIR; };
		975DBC8F2976F570000B775D /* Country_Flag_GameTests.swift */ = {isa = PBXFileReference; lastKnownFileType = sourcecode.swift; path = Country_Flag_GameTests.swift; sourceTree = "<group>"; };
		975DBC952976F570000B775D /* Country Flag GameUITests.xctest */ = {isa = PBXFileReference; explicitFileType = wrapper.cfbundle; includeInIndex = 0; path = "Country Flag GameUITests.xctest"; sourceTree = BUILT_PRODUCTS_DIR; };
		975DBC992976F570000B775D /* Country_Flag_GameUITests.swift */ = {isa = PBXFileReference; lastKnownFileType = sourcecode.swift; path = Country_Flag_GameUITests.swift; sourceTree = "<group>"; };
		975DBC9B2976F570000B775D /* Country_Flag_GameUITestsLaunchTests.swift */ = {isa = PBXFileReference; lastKnownFileType = sourcecode.swift; path = Country_Flag_GameUITestsLaunchTests.swift; sourceTree = "<group>"; };
		97998CAC297EE6A9009435C4 /* Question.swift */ = {isa = PBXFileReference; lastKnownFileType = sourcecode.swift; name = Question.swift; path = "Country Flag Game/Question.swift"; sourceTree = SOURCE_ROOT; };
		97998CAE298C133D009435C4 /* CustomButton.swift */ = {isa = PBXFileReference; lastKnownFileType = sourcecode.swift; path = CustomButton.swift; sourceTree = "<group>"; };
		97998CB0298C14A1009435C4 /* ProgressBar.swift */ = {isa = PBXFileReference; lastKnownFileType = sourcecode.swift; path = ProgressBar.swift; sourceTree = "<group>"; };
		97998CB2298C162F009435C4 /* AnswerRow.swift */ = {isa = PBXFileReference; lastKnownFileType = sourcecode.swift; path = AnswerRow.swift; sourceTree = "<group>"; };
		97E7BE0C299D31FC004795A0 /* QuestionView.swift */ = {isa = PBXFileReference; lastKnownFileType = sourcecode.swift; path = QuestionView.swift; sourceTree = "<group>"; };
		97E7BE0E299D34F7004795A0 /* Data.swift */ = {isa = PBXFileReference; lastKnownFileType = sourcecode.swift; name = Data.swift; path = "Country Flag Game/Views/Data.swift"; sourceTree = SOURCE_ROOT; };
/* End PBXFileReference section */

/* Begin PBXFrameworksBuildPhase section */
		975DBC782976F56E000B775D /* Frameworks */ = {
			isa = PBXFrameworksBuildPhase;
			buildActionMask = 2147483647;
			files = (
			);
			runOnlyForDeploymentPostprocessing = 0;
		};
		975DBC882976F570000B775D /* Frameworks */ = {
			isa = PBXFrameworksBuildPhase;
			buildActionMask = 2147483647;
			files = (
			);
			runOnlyForDeploymentPostprocessing = 0;
		};
		975DBC922976F570000B775D /* Frameworks */ = {
			isa = PBXFrameworksBuildPhase;
			buildActionMask = 2147483647;
			files = (
			);
			runOnlyForDeploymentPostprocessing = 0;
		};
/* End PBXFrameworksBuildPhase section */

/* Begin PBXGroup section */
		975DBC722976F56E000B775D = {
			isa = PBXGroup;
			children = (
				975DBC7D2976F56E000B775D /* Country Flag Game */,
				975DBC8E2976F570000B775D /* Country Flag GameTests */,
				975DBC982976F570000B775D /* Country Flag GameUITests */,
				975DBC7C2976F56E000B775D /* Products */,
			);
			sourceTree = "<group>";
		};
		975DBC7C2976F56E000B775D /* Products */ = {
			isa = PBXGroup;
			children = (
				975DBC7B2976F56E000B775D /* Country Flag Game.app */,
				975DBC8B2976F570000B775D /* Country Flag GameTests.xctest */,
				975DBC952976F570000B775D /* Country Flag GameUITests.xctest */,
			);
			name = Products;
			sourceTree = "<group>";
		};
		975DBC7D2976F56E000B775D /* Country Flag Game */ = {
			isa = PBXGroup;
			children = (
				975DBC7E2976F56E000B775D /* Country_Flag_GameApp.swift */,
				97998CA4297EDB9C009435C4 /* Views */,
				97998CA6297EDC4C009435C4 /* Models */,
				97998CA7297EE3CA009435C4 /* Components */,
				975DBC822976F56F000B775D /* Assets.xcassets */,
				975DBC842976F56F000B775D /* Preview Content */,
			);
			path = "Country Flag Game";
			sourceTree = "<group>";
		};
		975DBC842976F56F000B775D /* Preview Content */ = {
			isa = PBXGroup;
			children = (
				975DBC852976F56F000B775D /* Preview Assets.xcassets */,
			);
			path = "Preview Content";
			sourceTree = "<group>";
		};
		975DBC8E2976F570000B775D /* Country Flag GameTests */ = {
			isa = PBXGroup;
			children = (
				975DBC8F2976F570000B775D /* Country_Flag_GameTests.swift */,
			);
			path = "Country Flag GameTests";
			sourceTree = "<group>";
		};
		975DBC982976F570000B775D /* Country Flag GameUITests */ = {
			isa = PBXGroup;
			children = (
				975DBC992976F570000B775D /* Country_Flag_GameUITests.swift */,
				975DBC9B2976F570000B775D /* Country_Flag_GameUITestsLaunchTests.swift */,
			);
			path = "Country Flag GameUITests";
			sourceTree = "<group>";
		};
		97998CA4297EDB9C009435C4 /* Views */ = {
			isa = PBXGroup;
			children = (
				975DBC802976F56E000B775D /* ContentView.swift */,
				97E7BE0C299D31FC004795A0 /* QuestionView.swift */,
			);
			path = Views;
			sourceTree = "<group>";
		};
		97998CA6297EDC4C009435C4 /* Models */ = {
			isa = PBXGroup;
			children = (
				97998CAC297EE6A9009435C4 /* Question.swift */,
				97E7BE0E299D34F7004795A0 /* Data.swift */,
			);
			path = Models;
			sourceTree = "<group>";
		};
		97998CA7297EE3CA009435C4 /* Components */ = {
			isa = PBXGroup;
			children = (
				97998CAE298C133D009435C4 /* CustomButton.swift */,
				97998CB0298C14A1009435C4 /* ProgressBar.swift */,
				97998CB2298C162F009435C4 /* AnswerRow.swift */,
			);
			path = Components;
			sourceTree = "<group>";
		};
/* End PBXGroup section */

/* Begin PBXNativeTarget section */
		975DBC7A2976F56E000B775D /* Country Flag Game */ = {
			isa = PBXNativeTarget;
			buildConfigurationList = 975DBC9F2976F570000B775D /* Build configuration list for PBXNativeTarget "Country Flag Game" */;
			buildPhases = (
				975DBC772976F56E000B775D /* Sources */,
				975DBC782976F56E000B775D /* Frameworks */,
				975DBC792976F56E000B775D /* Resources */,
			);
			buildRules = (
			);
			dependencies = (
			);
			name = "Country Flag Game";
			productName = "Country Flag Game";
			productReference = 975DBC7B2976F56E000B775D /* Country Flag Game.app */;
			productType = "com.apple.product-type.application";
		};
		975DBC8A2976F570000B775D /* Country Flag GameTests */ = {
			isa = PBXNativeTarget;
			buildConfigurationList = 975DBCA22976F570000B775D /* Build configuration list for PBXNativeTarget "Country Flag GameTests" */;
			buildPhases = (
				975DBC872976F570000B775D /* Sources */,
				975DBC882976F570000B775D /* Frameworks */,
				975DBC892976F570000B775D /* Resources */,
			);
			buildRules = (
			);
			dependencies = (
				975DBC8D2976F570000B775D /* PBXTargetDependency */,
			);
			name = "Country Flag GameTests";
			productName = "Country Flag GameTests";
			productReference = 975DBC8B2976F570000B775D /* Country Flag GameTests.xctest */;
			productType = "com.apple.product-type.bundle.unit-test";
		};
		975DBC942976F570000B775D /* Country Flag GameUITests */ = {
			isa = PBXNativeTarget;
			buildConfigurationList = 975DBCA52976F570000B775D /* Build configuration list for PBXNativeTarget "Country Flag GameUITests" */;
			buildPhases = (
				975DBC912976F570000B775D /* Sources */,
				975DBC922976F570000B775D /* Frameworks */,
				975DBC932976F570000B775D /* Resources */,
			);
			buildRules = (
			);
			dependencies = (
				975DBC972976F570000B775D /* PBXTargetDependency */,
			);
			name = "Country Flag GameUITests";
			productName = "Country Flag GameUITests";
			productReference = 975DBC952976F570000B775D /* Country Flag GameUITests.xctest */;
			productType = "com.apple.product-type.bundle.ui-testing";
		};
/* End PBXNativeTarget section */

/* Begin PBXProject section */
		975DBC732976F56E000B775D /* Project object */ = {
			isa = PBXProject;
			attributes = {
				BuildIndependentTargetsInParallel = 1;
				LastSwiftUpdateCheck = 1400;
				LastUpgradeCheck = 1400;
				TargetAttributes = {
					975DBC7A2976F56E000B775D = {
						CreatedOnToolsVersion = 14.0;
					};
					975DBC8A2976F570000B775D = {
						CreatedOnToolsVersion = 14.0;
						TestTargetID = 975DBC7A2976F56E000B775D;
					};
					975DBC942976F570000B775D = {
						CreatedOnToolsVersion = 14.0;
						TestTargetID = 975DBC7A2976F56E000B775D;
					};
				};
			};
			buildConfigurationList = 975DBC762976F56E000B775D /* Build configuration list for PBXProject "Country Flag Game" */;
			compatibilityVersion = "Xcode 14.0";
			developmentRegion = en;
			hasScannedForEncodings = 0;
			knownRegions = (
				en,
				Base,
			);
			mainGroup = 975DBC722976F56E000B775D;
			productRefGroup = 975DBC7C2976F56E000B775D /* Products */;
			projectDirPath = "";
			projectRoot = "";
			targets = (
				975DBC7A2976F56E000B775D /* Country Flag Game */,
				975DBC8A2976F570000B775D /* Country Flag GameTests */,
				975DBC942976F570000B775D /* Country Flag GameUITests */,
			);
		};
/* End PBXProject section */

/* Begin PBXResourcesBuildPhase section */
		975DBC792976F56E000B775D /* Resources */ = {
			isa = PBXResourcesBuildPhase;
			buildActionMask = 2147483647;
			files = (
				975DBC862976F56F000B775D /* Preview Assets.xcassets in Resources */,
				975DBC832976F56F000B775D /* Assets.xcassets in Resources */,
			);
			runOnlyForDeploymentPostprocessing = 0;
		};
		975DBC892976F570000B775D /* Resources */ = {
			isa = PBXResourcesBuildPhase;
			buildActionMask = 2147483647;
			files = (
			);
			runOnlyForDeploymentPostprocessing = 0;
		};
		975DBC932976F570000B775D /* Resources */ = {
			isa = PBXResourcesBuildPhase;
			buildActionMask = 2147483647;
			files = (
			);
			runOnlyForDeploymentPostprocessing = 0;
		};
/* End PBXResourcesBuildPhase section */

/* Begin PBXSourcesBuildPhase section */
		975DBC772976F56E000B775D /* Sources */ = {
			isa = PBXSourcesBuildPhase;
			buildActionMask = 2147483647;
			files = (
				97998CAF298C133D009435C4 /* CustomButton.swift in Sources */,
				97998CAD297EE6A9009435C4 /* Question.swift in Sources */,
				975DBC812976F56E000B775D /* ContentView.swift in Sources */,
				97E7BE0D299D31FC004795A0 /* QuestionView.swift in Sources */,
				97998CB1298C14A1009435C4 /* ProgressBar.swift in Sources */,
				97998CB3298C162F009435C4 /* AnswerRow.swift in Sources */,
				975DBC7F2976F56E000B775D /* Country_Flag_GameApp.swift in Sources */,
				97E7BE0F299D34F7004795A0 /* Data.swift in Sources */,
			);
			runOnlyForDeploymentPostprocessing = 0;
		};
		975DBC872976F570000B775D /* Sources */ = {
			isa = PBXSourcesBuildPhase;
			buildActionMask = 2147483647;
			files = (
				975DBC902976F570000B775D /* Country_Flag_GameTests.swift in Sources */,
			);
			runOnlyForDeploymentPostprocessing = 0;
		};
		975DBC912976F570000B775D /* Sources */ = {
			isa = PBXSourcesBuildPhase;
			buildActionMask = 2147483647;
			files = (
				975DBC9A2976F570000B775D /* Country_Flag_GameUITests.swift in Sources */,
				975DBC9C2976F570000B775D /* Country_Flag_GameUITestsLaunchTests.swift in Sources */,
			);
			runOnlyForDeploymentPostprocessing = 0;
		};
/* End PBXSourcesBuildPhase section */

/* Begin PBXTargetDependency section */
		975DBC8D2976F570000B775D /* PBXTargetDependency */ = {
			isa = PBXTargetDependency;
			target = 975DBC7A2976F56E000B775D /* Country Flag Game */;
			targetProxy = 975DBC8C2976F570000B775D /* PBXContainerItemProxy */;
		};
		975DBC972976F570000B775D /* PBXTargetDependency */ = {
			isa = PBXTargetDependency;
			target = 975DBC7A2976F56E000B775D /* Country Flag Game */;
			targetProxy = 975DBC962976F570000B775D /* PBXContainerItemProxy */;
		};
/* End PBXTargetDependency section */

/* Begin XCBuildConfiguration section */
		975DBC9D2976F570000B775D /* Debug */ = {
			isa = XCBuildConfiguration;
			buildSettings = {
				ALWAYS_SEARCH_USER_PATHS = NO;
				CLANG_ANALYZER_NONNULL = YES;
				CLANG_ANALYZER_NUMBER_OBJECT_CONVERSION = YES_AGGRESSIVE;
				CLANG_CXX_LANGUAGE_STANDARD = "gnu++20";
				CLANG_ENABLE_MODULES = YES;
				CLANG_ENABLE_OBJC_ARC = YES;
				CLANG_ENABLE_OBJC_WEAK = YES;
				CLANG_WARN_BLOCK_CAPTURE_AUTORELEASING = YES;
				CLANG_WARN_BOOL_CONVERSION = YES;
				CLANG_WARN_COMMA = YES;
				CLANG_WARN_CONSTANT_CONVERSION = YES;
				CLANG_WARN_DEPRECATED_OBJC_IMPLEMENTATIONS = YES;
				CLANG_WARN_DIRECT_OBJC_ISA_USAGE = YES_ERROR;
				CLANG_WARN_DOCUMENTATION_COMMENTS = YES;
				CLANG_WARN_EMPTY_BODY = YES;
				CLANG_WARN_ENUM_CONVERSION = YES;
				CLANG_WARN_INFINITE_RECURSION = YES;
				CLANG_WARN_INT_CONVERSION = YES;
				CLANG_WARN_NON_LITERAL_NULL_CONVERSION = YES;
				CLANG_WARN_OBJC_IMPLICIT_RETAIN_SELF = YES;
				CLANG_WARN_OBJC_LITERAL_CONVERSION = YES;
				CLANG_WARN_OBJC_ROOT_CLASS = YES_ERROR;
				CLANG_WARN_QUOTED_INCLUDE_IN_FRAMEWORK_HEADER = YES;
				CLANG_WARN_RANGE_LOOP_ANALYSIS = YES;
				CLANG_WARN_STRICT_PROTOTYPES = YES;
				CLANG_WARN_SUSPICIOUS_MOVE = YES;
				CLANG_WARN_UNGUARDED_AVAILABILITY = YES_AGGRESSIVE;
				CLANG_WARN_UNREACHABLE_CODE = YES;
				CLANG_WARN__DUPLICATE_METHOD_MATCH = YES;
				COPY_PHASE_STRIP = NO;
				DEBUG_INFORMATION_FORMAT = dwarf;
				ENABLE_STRICT_OBJC_MSGSEND = YES;
				ENABLE_TESTABILITY = YES;
				GCC_C_LANGUAGE_STANDARD = gnu11;
				GCC_DYNAMIC_NO_PIC = NO;
				GCC_NO_COMMON_BLOCKS = YES;
				GCC_OPTIMIZATION_LEVEL = 0;
				GCC_PREPROCESSOR_DEFINITIONS = (
					"DEBUG=1",
					"$(inherited)",
				);
				GCC_WARN_64_TO_32_BIT_CONVERSION = YES;
				GCC_WARN_ABOUT_RETURN_TYPE = YES_ERROR;
				GCC_WARN_UNDECLARED_SELECTOR = YES;
				GCC_WARN_UNINITIALIZED_AUTOS = YES_AGGRESSIVE;
				GCC_WARN_UNUSED_FUNCTION = YES;
				GCC_WARN_UNUSED_VARIABLE = YES;
				IPHONEOS_DEPLOYMENT_TARGET = 16.0;
				MTL_ENABLE_DEBUG_INFO = INCLUDE_SOURCE;
				MTL_FAST_MATH = YES;
				ONLY_ACTIVE_ARCH = YES;
				SDKROOT = iphoneos;
				SWIFT_ACTIVE_COMPILATION_CONDITIONS = DEBUG;
				SWIFT_OPTIMIZATION_LEVEL = "-Onone";
			};
			name = Debug;
		};
		975DBC9E2976F570000B775D /* Release */ = {
			isa = XCBuildConfiguration;
			buildSettings = {
				ALWAYS_SEARCH_USER_PATHS = NO;
				CLANG_ANALYZER_NONNULL = YES;
				CLANG_ANALYZER_NUMBER_OBJECT_CONVERSION = YES_AGGRESSIVE;
				CLANG_CXX_LANGUAGE_STANDARD = "gnu++20";
				CLANG_ENABLE_MODULES = YES;
				CLANG_ENABLE_OBJC_ARC = YES;
				CLANG_ENABLE_OBJC_WEAK = YES;
				CLANG_WARN_BLOCK_CAPTURE_AUTORELEASING = YES;
				CLANG_WARN_BOOL_CONVERSION = YES;
				CLANG_WARN_COMMA = YES;
				CLANG_WARN_CONSTANT_CONVERSION = YES;
				CLANG_WARN_DEPRECATED_OBJC_IMPLEMENTATIONS = YES;
				CLANG_WARN_DIRECT_OBJC_ISA_USAGE = YES_ERROR;
				CLANG_WARN_DOCUMENTATION_COMMENTS = YES;
				CLANG_WARN_EMPTY_BODY = YES;
				CLANG_WARN_ENUM_CONVERSION = YES;
				CLANG_WARN_INFINITE_RECURSION = YES;
				CLANG_WARN_INT_CONVERSION = YES;
				CLANG_WARN_NON_LITERAL_NULL_CONVERSION = YES;
				CLANG_WARN_OBJC_IMPLICIT_RETAIN_SELF = YES;
				CLANG_WARN_OBJC_LITERAL_CONVERSION = YES;
				CLANG_WARN_OBJC_ROOT_CLASS = YES_ERROR;
				CLANG_WARN_QUOTED_INCLUDE_IN_FRAMEWORK_HEADER = YES;
				CLANG_WARN_RANGE_LOOP_ANALYSIS = YES;
				CLANG_WARN_STRICT_PROTOTYPES = YES;
				CLANG_WARN_SUSPICIOUS_MOVE = YES;
				CLANG_WARN_UNGUARDED_AVAILABILITY = YES_AGGRESSIVE;
				CLANG_WARN_UNREACHABLE_CODE = YES;
				CLANG_WARN__DUPLICATE_METHOD_MATCH = YES;
				COPY_PHASE_STRIP = NO;
				DEBUG_INFORMATION_FORMAT = "dwarf-with-dsym";
				ENABLE_NS_ASSERTIONS = NO;
				ENABLE_STRICT_OBJC_MSGSEND = YES;
				GCC_C_LANGUAGE_STANDARD = gnu11;
				GCC_NO_COMMON_BLOCKS = YES;
				GCC_WARN_64_TO_32_BIT_CONVERSION = YES;
				GCC_WARN_ABOUT_RETURN_TYPE = YES_ERROR;
				GCC_WARN_UNDECLARED_SELECTOR = YES;
				GCC_WARN_UNINITIALIZED_AUTOS = YES_AGGRESSIVE;
				GCC_WARN_UNUSED_FUNCTION = YES;
				GCC_WARN_UNUSED_VARIABLE = YES;
				IPHONEOS_DEPLOYMENT_TARGET = 16.0;
				MTL_ENABLE_DEBUG_INFO = NO;
				MTL_FAST_MATH = YES;
				SDKROOT = iphoneos;
				SWIFT_COMPILATION_MODE = wholemodule;
				SWIFT_OPTIMIZATION_LEVEL = "-O";
				VALIDATE_PRODUCT = YES;
			};
			name = Release;
		};
		975DBCA02976F570000B775D /* Debug */ = {
			isa = XCBuildConfiguration;
			buildSettings = {
				ASSETCATALOG_COMPILER_APPICON_NAME = AppIcon;
				ASSETCATALOG_COMPILER_GLOBAL_ACCENT_COLOR_NAME = AccentColor;
				CODE_SIGN_STYLE = Automatic;
				CURRENT_PROJECT_VERSION = 1;
				DEVELOPMENT_ASSET_PATHS = "\"Country Flag Game/Preview Content\"";
				DEVELOPMENT_TEAM = FHMJQ28ARY;
				ENABLE_PREVIEWS = YES;
				GENERATE_INFOPLIST_FILE = YES;
				INFOPLIST_KEY_UIApplicationSceneManifest_Generation = YES;
				INFOPLIST_KEY_UIApplicationSupportsIndirectInputEvents = YES;
				INFOPLIST_KEY_UILaunchScreen_Generation = YES;
				INFOPLIST_KEY_UISupportedInterfaceOrientations_iPad = "UIInterfaceOrientationPortrait UIInterfaceOrientationPortraitUpsideDown UIInterfaceOrientationLandscapeLeft UIInterfaceOrientationLandscapeRight";
				INFOPLIST_KEY_UISupportedInterfaceOrientations_iPhone = "UIInterfaceOrientationPortrait UIInterfaceOrientationLandscapeLeft UIInterfaceOrientationLandscapeRight";
				LD_RUNPATH_SEARCH_PATHS = (
					"$(inherited)",
					"@executable_path/Frameworks",
				);
				MARKETING_VERSION = 1.0;
				PRODUCT_BUNDLE_IDENTIFIER = "DMK.Country-Flag-Game";
				PRODUCT_NAME = "$(TARGET_NAME)";
				SWIFT_EMIT_LOC_STRINGS = YES;
				SWIFT_VERSION = 5.0;
				TARGETED_DEVICE_FAMILY = "1,2";
			};
			name = Debug;
		};
		975DBCA12976F570000B775D /* Release */ = {
			isa = XCBuildConfiguration;
			buildSettings = {
				ASSETCATALOG_COMPILER_APPICON_NAME = AppIcon;
				ASSETCATALOG_COMPILER_GLOBAL_ACCENT_COLOR_NAME = AccentColor;
				CODE_SIGN_STYLE = Automatic;
				CURRENT_PROJECT_VERSION = 1;
				DEVELOPMENT_ASSET_PATHS = "\"Country Flag Game/Preview Content\"";
				DEVELOPMENT_TEAM = FHMJQ28ARY;
				ENABLE_PREVIEWS = YES;
				GENERATE_INFOPLIST_FILE = YES;
				INFOPLIST_KEY_UIApplicationSceneManifest_Generation = YES;
				INFOPLIST_KEY_UIApplicationSupportsIndirectInputEvents = YES;
				INFOPLIST_KEY_UILaunchScreen_Generation = YES;
				INFOPLIST_KEY_UISupportedInterfaceOrientations_iPad = "UIInterfaceOrientationPortrait UIInterfaceOrientationPortraitUpsideDown UIInterfaceOrientationLandscapeLeft UIInterfaceOrientationLandscapeRight";
				INFOPLIST_KEY_UISupportedInterfaceOrientations_iPhone = "UIInterfaceOrientationPortrait UIInterfaceOrientationLandscapeLeft UIInterfaceOrientationLandscapeRight";
				LD_RUNPATH_SEARCH_PATHS = (
					"$(inherited)",
					"@executable_path/Frameworks",
				);
				MARKETING_VERSION = 1.0;
				PRODUCT_BUNDLE_IDENTIFIER = "DMK.Country-Flag-Game";
				PRODUCT_NAME = "$(TARGET_NAME)";
				SWIFT_EMIT_LOC_STRINGS = YES;
				SWIFT_VERSION = 5.0;
				TARGETED_DEVICE_FAMILY = "1,2";
			};
			name = Release;
		};
		975DBCA32976F570000B775D /* Debug */ = {
			isa = XCBuildConfiguration;
			buildSettings = {
				ALWAYS_EMBED_SWIFT_STANDARD_LIBRARIES = YES;
				BUNDLE_LOADER = "$(TEST_HOST)";
				CODE_SIGN_STYLE = Automatic;
				CURRENT_PROJECT_VERSION = 1;
				DEVELOPMENT_TEAM = FHMJQ28ARY;
				GENERATE_INFOPLIST_FILE = YES;
				IPHONEOS_DEPLOYMENT_TARGET = 16.0;
				MARKETING_VERSION = 1.0;
				PRODUCT_BUNDLE_IDENTIFIER = "DMK.Country-Flag-GameTests";
				PRODUCT_NAME = "$(TARGET_NAME)";
				SWIFT_EMIT_LOC_STRINGS = NO;
				SWIFT_VERSION = 5.0;
				TARGETED_DEVICE_FAMILY = "1,2";
				TEST_HOST = "$(BUILT_PRODUCTS_DIR)/Country Flag Game.app/$(BUNDLE_EXECUTABLE_FOLDER_PATH)/Country Flag Game";
			};
			name = Debug;
		};
		975DBCA42976F570000B775D /* Release */ = {
			isa = XCBuildConfiguration;
			buildSettings = {
				ALWAYS_EMBED_SWIFT_STANDARD_LIBRARIES = YES;
				BUNDLE_LOADER = "$(TEST_HOST)";
				CODE_SIGN_STYLE = Automatic;
				CURRENT_PROJECT_VERSION = 1;
				DEVELOPMENT_TEAM = FHMJQ28ARY;
				GENERATE_INFOPLIST_FILE = YES;
				IPHONEOS_DEPLOYMENT_TARGET = 16.0;
				MARKETING_VERSION = 1.0;
				PRODUCT_BUNDLE_IDENTIFIER = "DMK.Country-Flag-GameTests";
				PRODUCT_NAME = "$(TARGET_NAME)";
				SWIFT_EMIT_LOC_STRINGS = NO;
				SWIFT_VERSION = 5.0;
				TARGETED_DEVICE_FAMILY = "1,2";
				TEST_HOST = "$(BUILT_PRODUCTS_DIR)/Country Flag Game.app/$(BUNDLE_EXECUTABLE_FOLDER_PATH)/Country Flag Game";
			};
			name = Release;
		};
		975DBCA62976F570000B775D /* Debug */ = {
			isa = XCBuildConfiguration;
			buildSettings = {
				ALWAYS_EMBED_SWIFT_STANDARD_LIBRARIES = YES;
				CODE_SIGN_STYLE = Automatic;
				CURRENT_PROJECT_VERSION = 1;
				DEVELOPMENT_TEAM = FHMJQ28ARY;
				GENERATE_INFOPLIST_FILE = YES;
				MARKETING_VERSION = 1.0;
				PRODUCT_BUNDLE_IDENTIFIER = "DMK.Country-Flag-GameUITests";
				PRODUCT_NAME = "$(TARGET_NAME)";
				SWIFT_EMIT_LOC_STRINGS = NO;
				SWIFT_VERSION = 5.0;
				TARGETED_DEVICE_FAMILY = "1,2";
				TEST_TARGET_NAME = "Country Flag Game";
			};
			name = Debug;
		};
		975DBCA72976F570000B775D /* Release */ = {
			isa = XCBuildConfiguration;
			buildSettings = {
				ALWAYS_EMBED_SWIFT_STANDARD_LIBRARIES = YES;
				CODE_SIGN_STYLE = Automatic;
				CURRENT_PROJECT_VERSION = 1;
				DEVELOPMENT_TEAM = FHMJQ28ARY;
				GENERATE_INFOPLIST_FILE = YES;
				MARKETING_VERSION = 1.0;
				PRODUCT_BUNDLE_IDENTIFIER = "DMK.Country-Flag-GameUITests";
				PRODUCT_NAME = "$(TARGET_NAME)";
				SWIFT_EMIT_LOC_STRINGS = NO;
				SWIFT_VERSION = 5.0;
				TARGETED_DEVICE_FAMILY = "1,2";
				TEST_TARGET_NAME = "Country Flag Game";
			};
			name = Release;
		};
/* End XCBuildConfiguration section */

/* Begin XCConfigurationList section */
		975DBC762976F56E000B775D /* Build configuration list for PBXProject "Country Flag Game" */ = {
			isa = XCConfigurationList;
			buildConfigurations = (
				975DBC9D2976F570000B775D /* Debug */,
				975DBC9E2976F570000B775D /* Release */,
			);
			defaultConfigurationIsVisible = 0;
			defaultConfigurationName = Release;
		};
		975DBC9F2976F570000B775D /* Build configuration list for PBXNativeTarget "Country Flag Game" */ = {
			isa = XCConfigurationList;
			buildConfigurations = (
				975DBCA02976F570000B775D /* Debug */,
				975DBCA12976F570000B775D /* Release */,
			);
			defaultConfigurationIsVisible = 0;
			defaultConfigurationName = Release;
		};
		975DBCA22976F570000B775D /* Build configuration list for PBXNativeTarget "Country Flag GameTests" */ = {
			isa = XCConfigurationList;
			buildConfigurations = (
				975DBCA32976F570000B775D /* Debug */,
				975DBCA42976F570000B775D /* Release */,
			);
			defaultConfigurationIsVisible = 0;
			defaultConfigurationName = Release;
		};
		975DBCA52976F570000B775D /* Build configuration list for PBXNativeTarget "Country Flag GameUITests" */ = {
			isa = XCConfigurationList;
			buildConfigurations = (
				975DBCA62976F570000B775D /* Debug */,
				975DBCA72976F570000B775D /* Release */,
			);
			defaultConfigurationIsVisible = 0;
			defaultConfigurationName = Release;
		};
/* End XCConfigurationList section */
	};
	rootObject = 975DBC732976F56E000B775D /* Project object */;
}
